
Microsoft Visual Studio Solution File, Format Version 12.00
Project("{FAE04EC0-301F-11D3-BF4B-00C04F79EFBC}") = "Calculator", "Calculator\Calculator.csproj", "{89DC4A2F-9371-498E-BB53-08E98EDB3E41}"
EndProject
Project("{FAE04EC0-301F-11D3-BF4B-00C04F79EFBC}") = "Calculator.Tests", "Calculator.Tests\Calculator.Tests.csproj", "{1C5C1282-4C81-4B08-87BB-AF582298D8A6}"
EndProject
Global
	GlobalSection(SolutionConfigurationPlatforms) = preSolution
		Debug|Any CPU = Debug|Any CPU
		Debug|x64 = Debug|x64
		Debug|x86 = Debug|x86
		Release|Any CPU = Release|Any CPU
		Release|x64 = Release|x64
		Release|x86 = Release|x86
	EndGlobalSection
	GlobalSection(ProjectConfigurationPlatforms) = postSolution
		{89DC4A2F-9371-498E-BB53-08E98EDB3E41}.Debug|Any CPU.ActiveCfg = Debug|Any CPU
		{89DC4A2F-9371-498E-BB53-08E98EDB3E41}.Debug|Any CPU.Build.0 = Debug|Any CPU
		{89DC4A2F-9371-498E-BB53-08E98EDB3E41}.Debug|x64.ActiveCfg = Debug|Any CPU
		{89DC4A2F-9371-498E-BB53-08E98EDB3E41}.Debug|x64.Build.0 = Debug|Any CPU
		{89DC4A2F-9371-498E-BB53-08E98EDB3E41}.Debug|x86.ActiveCfg = Debug|Any CPU
		{89DC4A2F-9371-498E-BB53-08E98EDB3E41}.Debug|x86.Build.0 = Debug|Any CPU
		{89DC4A2F-9371-498E-BB53-08E98EDB3E41}.Release|Any CPU.ActiveCfg = Release|Any CPU
		{89DC4A2F-9371-498E-BB53-08E98EDB3E41}.Release|Any CPU.Build.0 = Release|Any CPU
		{89DC4A2F-9371-498E-BB53-08E98EDB3E41}.Release|x64.ActiveCfg = Release|Any CPU
		{89DC4A2F-9371-498E-BB53-08E98EDB3E41}.Release|x64.Build.0 = Release|Any CPU
		{89DC4A2F-9371-498E-BB53-08E98EDB3E41}.Release|x86.ActiveCfg = Release|Any CPU
		{89DC4A2F-9371-498E-BB53-08E98EDB3E41}.Release|x86.Build.0 = Release|Any CPU
		{1C5C1282-4C81-4B08-87BB-AF582298D8A6}.Debug|Any CPU.ActiveCfg = Debug|Any CPU
		{1C5C1282-4C81-4B08-87BB-AF582298D8A6}.Debug|Any CPU.Build.0 = Debug|Any CPU
		{1C5C1282-4C81-4B08-87BB-AF582298D8A6}.Debug|x64.ActiveCfg = Debug|Any CPU
		{1C5C1282-4C81-4B08-87BB-AF582298D8A6}.Debug|x64.Build.0 = Debug|Any CPU
		{1C5C1282-4C81-4B08-87BB-AF582298D8A6}.Debug|x86.ActiveCfg = Debug|Any CPU
		{1C5C1282-4C81-4B08-87BB-AF582298D8A6}.Debug|x86.Build.0 = Debug|Any CPU
		{1C5C1282-4C81-4B08-87BB-AF582298D8A6}.Release|Any CPU.ActiveCfg = Release|Any CPU
		{1C5C1282-4C81-4B08-87BB-AF582298D8A6}.Release|Any CPU.Build.0 = Release|Any CPU
		{1C5C1282-4C81-4B08-87BB-AF582298D8A6}.Release|x64.ActiveCfg = Release|Any CPU
		{1C5C1282-4C81-4B08-87BB-AF582298D8A6}.Release|x64.Build.0 = Release|Any CPU
		{1C5C1282-4C81-4B08-87BB-AF582298D8A6}.Release|x86.ActiveCfg = Release|Any CPU
		{1C5C1282-4C81-4B08-87BB-AF582298D8A6}.Release|x86.Build.0 = Release|Any CPU
	EndGlobalSection
	GlobalSection(SolutionProperties) = preSolution
		HideSolutionNode = FALSE
	EndGlobalSection
EndGlobal
